
Microsoft Visual Studio Solution File, Format Version 12.00
# Visual Studio 15
Project("{FAE04EC0-301F-11D3-BF4B-00C04F79EFBC}") = "Infinte Runner test", "Infinte Runner test.csproj", "{6BC5F78C-E8AA-6C83-2881-80D5E3017B88}"
EndProject
Global
	GlobalSection(SolutionConfigurationPlatforms) = preSolution
		Debug|Any CPU = Debug|Any CPU
		Release|Any CPU = Release|Any CPU
	EndGlobalSection
	GlobalSection(ProjectConfigurationPlatforms) = postSolution
		{6BC5F78C-E8AA-6C83-2881-80D5E3017B88}.Debug|Any CPU.ActiveCfg = Debug|Any CPU
		{6BC5F78C-E8AA-6C83-2881-80D5E3017B88}.Debug|Any CPU.Build.0 = Debug|Any CPU
		{6BC5F78C-E8AA-6C83-2881-80D5E3017B88}.Release|Any CPU.ActiveCfg = Release|Any CPU
		{6BC5F78C-E8AA-6C83-2881-80D5E3017B88}.Release|Any CPU.Build.0 = Release|Any CPU
	EndGlobalSection
	GlobalSection(SolutionProperties) = preSolution
		HideSolutionNode = FALSE
	EndGlobalSection
EndGlobal
